Microsoft Visual Studio Solution File, Format Version 12.00
# Visual Studio 15
VisualStudioVersion = 15.0.28010.2050
MinimumVisualStudioVersion = 10.0.40219.1
Project("{8BC9CEB8-8B4A-11D0-8D11-00A0C91BC942}") = "SheepGame", "SheepGame\SheepGame.vcxproj", "{39366740-E8A5-469C-B95F-D0025EBFBFE1}"
EndProject
Project("{8BC9CEB8-8B4A-11D0-8D11-00A0C91BC942}") = "SheepEngine", "SheepEngine\SheepEngine.vcxproj", "{E8347B37-7D52-4161-99CF-D3F08DAEC60D}"
EndProject
Project("{8BC9CEB8-8B4A-11D0-8D11-00A0C91BC942}") = "SheepFrameWork", "SheepFrameWork\SheepFrameWork.vcxproj", "{E418B56D-0162-443F-89E1-BF9CFC4A22F2}"
EndProject
Global
	GlobalSection(SolutionConfigurationPlatforms) = preSolution
		Debug|x64 = Debug|x64
		Debug|x86 = Debug|x86
		Release|x64 = Release|x64
		Release|x86 = Release|x86
	EndGlobalSection
	GlobalSection(ProjectConfigurationPlatforms) = postSolution
		{39366740-E8A5-469C-B95F-D0025EBFBFE1}.Debug|x64.ActiveCfg = Debug|x64
		{39366740-E8A5-469C-B95F-D0025EBFBFE1}.Debug|x64.Build.0 = Debug|x64
		{39366740-E8A5-469C-B95F-D0025EBFBFE1}.Debug|x86.ActiveCfg = Debug|Win32
		{39366740-E8A5-469C-B95F-D0025EBFBFE1}.Debug|x86.Build.0 = Debug|Win32
		{39366740-E8A5-469C-B95F-D0025EBFBFE1}.Release|x64.ActiveCfg = Release|x64
		{39366740-E8A5-469C-B95F-D0025EBFBFE1}.Release|x64.Build.0 = Release|x64
		{39366740-E8A5-469C-B95F-D0025EBFBFE1}.Release|x86.ActiveCfg = Release|Win32
		{39366740-E8A5-469C-B95F-D0025EBFBFE1}.Release|x86.Build.0 = Release|Win32
		{E8347B37-7D52-4161-99CF-D3F08DAEC60D}.Debug|x64.ActiveCfg = Debug|x64
		{E8347B37-7D52-4161-99CF-D3F08DAEC60D}.Debug|x64.Build.0 = Debug|x64
		{E8347B37-7D52-4161-99CF-D3F08DAEC60D}.Debug|x86.ActiveCfg = Debug|Win32
		{E8347B37-7D52-4161-99CF-D3F08DAEC60D}.Debug|x86.Build.0 = Debug|Win32
		{E8347B37-7D52-4161-99CF-D3F08DAEC60D}.Release|x64.ActiveCfg = Release|x64
		{E8347B37-7D52-4161-99CF-D3F08DAEC60D}.Release|x64.Build.0 = Release|x64
		{E8347B37-7D52-4161-99CF-D3F08DAEC60D}.Release|x86.ActiveCfg = Release|Win32
		{E8347B37-7D52-4161-99CF-D3F08DAEC60D}.Release|x86.Build.0 = Release|Win32
		{E418B56D-0162-443F-89E1-BF9CFC4A22F2}.Debug|x64.ActiveCfg = Debug|x64
		{E418B56D-0162-443F-89E1-BF9CFC4A22F2}.Debug|x64.Build.0 = Debug|x64
		{E418B56D-0162-443F-89E1-BF9CFC4A22F2}.Debug|x86.ActiveCfg = Debug|Win32
		{E418B56D-0162-443F-89E1-BF9CFC4A22F2}.Debug|x86.Build.0 = Debug|Win32
		{E418B56D-0162-443F-89E1-BF9CFC4A22F2}.Release|x64.ActiveCfg = Release|x64
		{E418B56D-0162-443F-89E1-BF9CFC4A22F2}.Release|x64.Build.0 = Release|x64
		{E418B56D-0162-443F-89E1-BF9CFC4A22F2}.Release|x86.ActiveCfg = Release|Win32
		{E418B56D-0162-443F-89E1-BF9CFC4A22F2}.Release|x86.Build.0 = Release|Win32
	EndGlobalSection
	GlobalSection(SolutionProperties) = preSolution
		HideSolutionNode = FALSE
	EndGlobalSection
	GlobalSection(ExtensibilityGlobals) = postSolution
		SolutionGuid = {562CB78D-17DA-4898-B55B-D46564DF20B6}
	EndGlobalSection
EndGlobal
