<?xml version="1.0" encoding="utf-8"?>
<Project ToolsVersion="4.0" xmlns="http://schemas.microsoft.com/developer/msbuild/2003">
  <ItemGroup>
    <Filter Include="Source Files">
      <UniqueIdentifier>{4FC737F1-C7A5-4376-A066-2A32D752A2FF}</UniqueIdentifier>
      <Extensions>cpp;c;cc;cxx;def;odl;idl;hpj;bat;asm;asmx</Extensions>
    </Filter>
    <Filter Include="Header Files">
      <UniqueIdentifier>{93995380-89BD-4b04-88EB-625FBE52EBFB}</UniqueIdentifier>
      <Extensions>h;hh;hpp;hxx;hm;inl;inc;ipp;xsd</Extensions>
    </Filter>
    <Filter Include="Resource Files">
      <UniqueIdentifier>{67DA6AB6-F800-4c08-8B7A-83BB121AAD01}</UniqueIdentifier>
      <Extensions>rc;ico;cur;bmp;dlg;rc2;rct;bin;rgs;gif;jpg;jpeg;jpe;resx;tiff;tif;png;wav;mfcribbon-ms</Extensions>
    </Filter>
  </ItemGroup>
  <ItemGroup>
    <ClCompile Include="Core\CameraManagerV2.cpp">
      <Filter>Source Files</Filter>
    </ClCompile>
    <ClCompile Include="Core\CameraV3.cpp">
      <Filter>Source Files</Filter>
    </ClCompile>
    <ClCompile Include="Core\Engine.cpp">
      <Filter>Source Files</Filter>
    </ClCompile>
    <ClCompile Include="Core\MaterialManager.cpp">
      <Filter>Source Files</Filter>
    </ClCompile>
    <ClCompile Include="Core\ModelManager.cpp">
      <Filter>Source Files</Filter>
    </ClCompile>
    <ClCompile Include="Core\SceneManagerV3.cpp">
      <Filter>Source Files</Filter>
    </ClCompile>
    <ClCompile Include="Events\EventDispatcher.cpp">
      <Filter>Source Files</Filter>
    </ClCompile>
    <ClCompile Include="FrameWork\ShaderCreation\InputLayoutCreator.cpp">
      <Filter>Source Files</Filter>
    </ClCompile>
    <ClCompile Include="FrameWork\ShaderCreation\ShaderCreatorV2.cpp">
      <Filter>Source Files</Filter>
    </ClCompile>
    <ClCompile Include="FrameWork\ConstantBufferManager.cpp">
      <Filter>Source Files</Filter>
    </ClCompile>
    <ClCompile Include="FrameWork\DeferredRenderingManager.cpp">
      <Filter>Source Files</Filter>
    </ClCompile>
    <ClCompile Include="FrameWork\Direct3D.cpp">
      <Filter>Source Files</Filter>
    </ClCompile>
    <ClCompile Include="FrameWork\FrameWorkManager.cpp">
      <Filter>Source Files</Filter>
    </ClCompile>
    <ClCompile Include="FrameWork\GUIManager.cpp">
      <Filter>Source Files</Filter>
    </ClCompile>
    <ClCompile Include="FrameWork\Input.cpp">
      <Filter>Source Files</Filter>
    </ClCompile>
    <ClCompile Include="FrameWork\OnScreenTarget.cpp">
      <Filter>Source Files</Filter>
    </ClCompile>
    <ClCompile Include="FrameWork\SamplerManager.cpp">
      <Filter>Source Files</Filter>
    </ClCompile>
    <ClCompile Include="FrameWork\ShaderManagerV2.cpp">
      <Filter>Source Files</Filter>
    </ClCompile>
    <ClCompile Include="FrameWork\ShadowMapRenderingManager.cpp">
      <Filter>Source Files</Filter>
    </ClCompile>
    <ClCompile Include="FrameWork\TextureManager.cpp">
      <Filter>Source Files</Filter>
    </ClCompile>
    <ClCompile Include="FrameWork\VertexBufferManager.cpp">
      <Filter>Source Files</Filter>
    </ClCompile>
    <ClCompile Include="FrameWork\Window.cpp">
      <Filter>Source Files</Filter>
    </ClCompile>
    <ClCompile Include="GUI\FPS_CounterV2.cpp">
      <Filter>Source Files</Filter>
    </ClCompile>
    <ClCompile Include="Math\AABA.cpp">
      <Filter>Source Files</Filter>
    </ClCompile>
    <ClCompile Include="Math\AABB.cpp">
      <Filter>Source Files</Filter>
    </ClCompile>
    <ClCompile Include="Math\Frustum.cpp">
      <Filter>Source Files</Filter>
    </ClCompile>
    <ClCompile Include="Math\Math.cpp">
      <Filter>Source Files</Filter>
    </ClCompile>
    <ClCompile Include="Math\Matrix.cpp">
      <Filter>Source Files</Filter>
    </ClCompile>
    <ClCompile Include="Math\MatrixEulerConversion.cpp">
      <Filter>Source Files</Filter>
    </ClCompile>
    <ClCompile Include="Misc\HelperFunctions.cpp">
      <Filter>Source Files</Filter>
    </ClCompile>
    <ClCompile Include="Misc\StringConverter.cpp">
      <Filter>Source Files</Filter>
    </ClCompile>
  </ItemGroup>
  <ItemGroup>
    <ClInclude Include="Core\CameraManagerV2.hpp">
      <Filter>Header Files</Filter>
    </ClInclude>
    <ClInclude Include="Core\CameraV3.hpp">
      <Filter>Header Files</Filter>
    </ClInclude>
    <ClInclude Include="Core\DataStorage.hpp">
      <Filter>Header Files</Filter>
    </ClInclude>
    <ClInclude Include="Core\Engine.hpp">
      <Filter>Header Files</Filter>
    </ClInclude>
    <ClInclude Include="Core\MaterialManager.hpp">
      <Filter>Header Files</Filter>
    </ClInclude>
    <ClInclude Include="Core\ModelManager.hpp">
      <Filter>Header Files</Filter>
    </ClInclude>
    <ClInclude Include="Core\SceneManagerV3.hpp">
      <Filter>Header Files</Filter>
    </ClInclude>
    <ClInclude Include="Events\Event.hpp">
      <Filter>Header Files</Filter>
    </ClInclude>
    <ClInclude Include="Events\EventDispatcher.hpp">
      <Filter>Header Files</Filter>
    </ClInclude>
    <ClInclude Include="Events\EventReceiver.hpp">
      <Filter>Header Files</Filter>
    </ClInclude>
    <ClInclude Include="Events\EventTypes.hpp">
      <Filter>Header Files</Filter>
    </ClInclude>
    <ClInclude Include="FrameWork\ShaderCreation\InputLayoutCreator.hpp">
      <Filter>Header Files</Filter>
    </ClInclude>
    <ClInclude Include="FrameWork\ShaderCreation\ShaderCreatorV2.hpp">
      <Filter>Header Files</Filter>
    </ClInclude>
    <ClInclude Include="FrameWork\ConstantBufferManager.hpp">
      <Filter>Header Files</Filter>
    </ClInclude>
    <ClInclude Include="FrameWork\DeferredRenderingManager.hpp">
      <Filter>Header Files</Filter>
    </ClInclude>
    <ClInclude Include="FrameWork\Direct3D.hpp">
      <Filter>Header Files</Filter>
    </ClInclude>
    <ClInclude Include="FrameWork\FrameWorkManager.hpp">
      <Filter>Header Files</Filter>
    </ClInclude>
    <ClInclude Include="FrameWork\GUIManager.hpp">
      <Filter>Header Files</Filter>
    </ClInclude>
    <ClInclude Include="FrameWork\Input.hpp">
      <Filter>Header Files</Filter>
    </ClInclude>
    <ClInclude Include="FrameWork\OnScreenTarget.hpp">
      <Filter>Header Files</Filter>
    </ClInclude>
    <ClInclude Include="FrameWork\SamplerManager.hpp">
      <Filter>Header Files</Filter>
    </ClInclude>
    <ClInclude Include="FrameWork\ShaderManagerV2.hpp">
      <Filter>Header Files</Filter>
    </ClInclude>
    <ClInclude Include="FrameWork\ShadowMapRenderingManager.hpp">
      <Filter>Header Files</Filter>
    </ClInclude>
    <ClInclude Include="FrameWork\TextureManager.hpp">
      <Filter>Header Files</Filter>
    </ClInclude>
    <ClInclude Include="FrameWork\VertexBufferManager.hpp">
      <Filter>Header Files</Filter>
    </ClInclude>
    <ClInclude Include="FrameWork\Window.hpp">
      <Filter>Header Files</Filter>
    </ClInclude>
    <ClInclude Include="FrameWork\WindowSettings.hpp">
      <Filter>Header Files</Filter>
    </ClInclude>
    <ClInclude Include="GUI\FPS_CounterV2.hpp">
      <Filter>Header Files</Filter>
    </ClInclude>
    <ClInclude Include="Math\AABA.hpp">
      <Filter>Header Files</Filter>
    </ClInclude>
    <ClInclude Include="Math\AABB.hpp">
      <Filter>Header Files</Filter>
    </ClInclude>
    <ClInclude Include="Math\Frustum.hpp">
      <Filter>Header Files</Filter>
    </ClInclude>
    <ClInclude Include="Math\Math.hpp">
      <Filter>Header Files</Filter>
    </ClInclude>
    <ClInclude Include="Math\Matrix.hpp">
      <Filter>Header Files</Filter>
    </ClInclude>
    <ClInclude Include="Math\MatrixEulerConversion.hpp">
      <Filter>Header Files</Filter>
    </ClInclude>
    <ClInclude Include="Math\Vector2.hpp">
      <Filter>Header Files</Filter>
    </ClInclude>
    <ClInclude Include="Math\Vector3.hpp">
      <Filter>Header Files</Filter>
    </ClInclude>
    <ClInclude Include="Misc\StateMachines\StateMachine.hpp">
      <Filter>Header Files</Filter>
    </ClInclude>
    <ClInclude Include="Misc\StateMachines\StateMachines.hpp">
      <Filter>Header Files</Filter>
    </ClInclude>
    <ClInclude Include="Misc\StateMachines\StateMachineV2.hpp">
      <Filter>Header Files</Filter>
    </ClInclude>
    <ClInclude Include="Misc\HelperFunctions.hpp">
      <Filter>Header Files</Filter>
    </ClInclude>
    <ClInclude Include="Misc\Singleton.hpp">
      <Filter>Header Files</Filter>
    </ClInclude>
    <ClInclude Include="Misc\StringConverter.hpp">
      <Filter>Header Files</Filter>
    </ClInclude>
  </ItemGroup>
  <ItemGroup>
    <FxCompile Include="FrameWork\HLSL\GS_Instancing.hlsl" />
    <FxCompile Include="FrameWork\HLSL\GS_InstancingGeneric.hlsl" />
    <FxCompile Include="FrameWork\HLSL\PS_FinalPass.hlsl" />
    <FxCompile Include="FrameWork\HLSL\PS_GeometryPass.hlsl" />
    <FxCompile Include="FrameWork\HLSL\PS_LightPass.hlsl" />
    <FxCompile Include="FrameWork\HLSL\PS_ShadowPass.hlsl" />
    <FxCompile Include="FrameWork\HLSL\VS_Generic.hlsl" />
  </ItemGroup>
  <ItemGroup>
    <None Include="packages.config" />
  </ItemGroup>
</Project>